PODS:
  - Realm (10.9.0):
    - Realm/Headers (= 10.9.0)
  - Realm/Headers (10.9.0)
  - RealmSwift (10.9.0):
    - Realm (= 10.9.0)
  - SnapKit (4.2.0)

DEPENDENCIES:
  - RealmSwift
  - SnapKit (~> 4.0)

SPEC REPOS:
  trunk:
    - Realm
    - RealmSwift
    - SnapKit

SPEC CHECKSUMS:
  Realm: 9feef41ab8230ed706c4dc503fc292594915bf9a
  RealmSwift: 91246183b772e0ea1bf777116c4b8d9939f983b3
  SnapKit: fe8a619752f3f27075cc9a90244d75c6c3f27e2a

PODFILE CHECKSUM: d8008ed35a41b595e5548fac59c35349086b86e1

COCOAPODS: 1.10.1
