// !$*UTF8*$!
{
	archiveVersion = 1;
	classes = {
	};
	objectVersion = 51;
	objects = {

/* Begin PBXBuildFile section */
		03FD0503439E704D202EEA29 /* Pods_TodoSecond.framework in Frameworks */ = {isa = PBXBuildFile; fileRef = AB2D478A6EF5BFDCB558ED27 /* Pods_TodoSecond.framework */; };
		BB7B8D892688AF7200DA1951 /* AppDelegate.swift in Sources */ = {isa = PBXBuildFile; fileRef = BB7B8D882688AF7200DA1951 /* AppDelegate.swift */; };
		BB7B8D8B2688AF7200DA1951 /* SceneDelegate.swift in Sources */ = {isa = PBXBuildFile; fileRef = BB7B8D8A2688AF7200DA1951 /* SceneDelegate.swift */; };
		BB7B8D8D2688AF7200DA1951 /* ViewController.swift in Sources */ = {isa = PBXBuildFile; fileRef = BB7B8D8C2688AF7200DA1951 /* ViewController.swift */; };
		BB7B8D922688AF7400DA1951 /* Assets.xcassets in Resources */ = {isa = PBXBuildFile; fileRef = BB7B8D912688AF7400DA1951 /* Assets.xcassets */; };
		BB7B8D952688AF7400DA1951 /* LaunchScreen.storyboard in Resources */ = {isa = PBXBuildFile; fileRef = BB7B8D932688AF7400DA1951 /* LaunchScreen.storyboard */; };
		BB7B8D9D2688B21400DA1951 /* Task.swift in Sources */ = {isa = PBXBuildFile; fileRef = BB7B8D9C2688B21400DA1951 /* Task.swift */; };
		BB7B8D9F2688B33C00DA1951 /* TaskCell.swift in Sources */ = {isa = PBXBuildFile; fileRef = BB7B8D9E2688B33C00DA1951 /* TaskCell.swift */; };
		BB7B8DA12688FC8100DA1951 /* EditTaskController.swift in Sources */ = {isa = PBXBuildFile; fileRef = BB7B8DA02688FC8100DA1951 /* EditTaskController.swift */; };
		EFA59C48268B6BB900093963 /* misc in Resources */ = {isa = PBXBuildFile; fileRef = EFA59C47268B6BB900093963 /* misc */; };
		EFA59C4C268CE05E00093963 /* TaskCreationProtocol.swift in Sources */ = {isa = PBXBuildFile; fileRef = EFA59C4B268CE05E00093963 /* TaskCreationProtocol.swift */; };
		EFD5345D268F6DD200B080C1 /* TasksDB.swift in Sources */ = {isa = PBXBuildFile; fileRef = EFD5345C268F6DD200B080C1 /* TasksDB.swift */; };
/* End PBXBuildFile section */

/* Begin PBXFileReference section */
		32EC621AD0B9C9760E5D27C1 /* Pods-TodoSecond.release.xcconfig */ = {isa = PBXFileReference; includeInIndex = 1; lastKnownFileType = text.xcconfig; name = "Pods-TodoSecond.release.xcconfig"; path = "Target Support Files/Pods-TodoSecond/Pods-TodoSecond.release.xcconfig"; sourceTree = "<group>"; };
		4ED39349960C7432263AD7C1 /* Pods-TodoSecond.debug.xcconfig */ = {isa = PBXFileReference; includeInIndex = 1; lastKnownFileType = text.xcconfig; name = "Pods-TodoSecond.debug.xcconfig"; path = "Target Support Files/Pods-TodoSecond/Pods-TodoSecond.debug.xcconfig"; sourceTree = "<group>"; };
		AB2D478A6EF5BFDCB558ED27 /* Pods_TodoSecond.framework */ = {isa = PBXFileReference; explicitFileType = wrapper.framework; includeInIndex = 0; path = Pods_TodoSecond.framework; sourceTree = BUILT_PRODUCTS_DIR; };
		BB7B8D852688AF7200DA1951 /* TodoSecond.app */ = {isa = PBXFileReference; explicitFileType = wrapper.application; includeInIndex = 0; path = TodoSecond.app; sourceTree = BUILT_PRODUCTS_DIR; };
		BB7B8D882688AF7200DA1951 /* AppDelegate.swift */ = {isa = PBXFileReference; lastKnownFileType = sourcecode.swift; path = AppDelegate.swift; sourceTree = "<group>"; };
		BB7B8D8A2688AF7200DA1951 /* SceneDelegate.swift */ = {isa = PBXFileReference; lastKnownFileType = sourcecode.swift; path = SceneDelegate.swift; sourceTree = "<group>"; };
		BB7B8D8C2688AF7200DA1951 /* ViewController.swift */ = {isa = PBXFileReference; lastKnownFileType = sourcecode.swift; path = ViewController.swift; sourceTree = "<group>"; };
		BB7B8D912688AF7400DA1951 /* Assets.xcassets */ = {isa = PBXFileReference; lastKnownFileType = folder.assetcatalog; path = Assets.xcassets; sourceTree = "<group>"; };
		BB7B8D942688AF7400DA1951 /* Base */ = {isa = PBXFileReference; lastKnownFileType = file.storyboard; name = Base; path = Base.lproj/LaunchScreen.storyboard; sourceTree = "<group>"; };
		BB7B8D962688AF7400DA1951 /* Info.plist */ = {isa = PBXFileReference; lastKnownFileType = text.plist.xml; path = Info.plist; sourceTree = "<group>"; };
		BB7B8D9C2688B21400DA1951 /* Task.swift */ = {isa = PBXFileReference; lastKnownFileType = sourcecode.swift; path = Task.swift; sourceTree = "<group>"; };
		BB7B8D9E2688B33C00DA1951 /* TaskCell.swift */ = {isa = PBXFileReference; lastKnownFileType = sourcecode.swift; path = TaskCell.swift; sourceTree = "<group>"; };
		BB7B8DA02688FC8100DA1951 /* EditTaskController.swift */ = {isa = PBXFileReference; lastKnownFileType = sourcecode.swift; path = EditTaskController.swift; sourceTree = "<group>"; };
		EFA59C47268B6BB900093963 /* misc */ = {isa = PBXFileReference; lastKnownFileType = text; path = misc; sourceTree = "<group>"; };
		EFA59C4B268CE05E00093963 /* TaskCreationProtocol.swift */ = {isa = PBXFileReference; lastKnownFileType = sourcecode.swift; path = TaskCreationProtocol.swift; sourceTree = "<group>"; };
		EFD5345C268F6DD200B080C1 /* TasksDB.swift */ = {isa = PBXFileReference; lastKnownFileType = sourcecode.swift; path = TasksDB.swift; sourceTree = "<group>"; };
/* End PBXFileReference section */

/* Begin PBXFrameworksBuildPhase section */
		BB7B8D822688AF7200DA1951 /* Frameworks */ = {
			isa = PBXFrameworksBuildPhase;
			buildActionMask = 2147483647;
			files = (
				03FD0503439E704D202EEA29 /* Pods_TodoSecond.framework in Frameworks */,
			);
			runOnlyForDeploymentPostprocessing = 0;
		};
/* End PBXFrameworksBuildPhase section */

/* Begin PBXGroup section */
		BB7B8D7C2688AF7200DA1951 = {
			isa = PBXGroup;
			children = (
				BB7B8D872688AF7200DA1951 /* TodoSecond */,
				BB7B8D862688AF7200DA1951 /* Products */,
				EEE3D4AA60BB05A59260B397 /* Pods */,
				E61AF270DE3592A92FB10160 /* Frameworks */,
			);
			sourceTree = "<group>";
		};
		BB7B8D862688AF7200DA1951 /* Products */ = {
			isa = PBXGroup;
			children = (
				BB7B8D852688AF7200DA1951 /* TodoSecond.app */,
			);
			name = Products;
			sourceTree = "<group>";
		};
		BB7B8D872688AF7200DA1951 /* TodoSecond */ = {
			isa = PBXGroup;
			children = (
				BB7B8D882688AF7200DA1951 /* AppDelegate.swift */,
				BB7B8D8A2688AF7200DA1951 /* SceneDelegate.swift */,
				BB7B8D8C2688AF7200DA1951 /* ViewController.swift */,
				EFA59C4B268CE05E00093963 /* TaskCreationProtocol.swift */,
				BB7B8D9E2688B33C00DA1951 /* TaskCell.swift */,
				BB7B8DA02688FC8100DA1951 /* EditTaskController.swift */,
				EFA59C47268B6BB900093963 /* misc */,
				BB7B8D9C2688B21400DA1951 /* Task.swift */,
				BB7B8D912688AF7400DA1951 /* Assets.xcassets */,
				BB7B8D932688AF7400DA1951 /* LaunchScreen.storyboard */,
				BB7B8D962688AF7400DA1951 /* Info.plist */,
				EFD5345C268F6DD200B080C1 /* TasksDB.swift */,
			);
			path = TodoSecond;
			sourceTree = "<group>";
		};
		E61AF270DE3592A92FB10160 /* Frameworks */ = {
			isa = PBXGroup;
			children = (
				AB2D478A6EF5BFDCB558ED27 /* Pods_TodoSecond.framework */,
			);
			name = Frameworks;
			sourceTree = "<group>";
		};
		EEE3D4AA60BB05A59260B397 /* Pods */ = {
			isa = PBXGroup;
			children = (
				4ED39349960C7432263AD7C1 /* Pods-TodoSecond.debug.xcconfig */,
				32EC621AD0B9C9760E5D27C1 /* Pods-TodoSecond.release.xcconfig */,
			);
			path = Pods;
			sourceTree = "<group>";
		};
/* End PBXGroup section */

/* Begin PBXNativeTarget section */
		BB7B8D842688AF7200DA1951 /* TodoSecond */ = {
			isa = PBXNativeTarget;
			buildConfigurationList = BB7B8D992688AF7400DA1951 /* Build configuration list for PBXNativeTarget "TodoSecond" */;
			buildPhases = (
				1045A20213033C1B774EF606 /* [CP] Check Pods Manifest.lock */,
				BB7B8D812688AF7200DA1951 /* Sources */,
				BB7B8D822688AF7200DA1951 /* Frameworks */,
				BB7B8D832688AF7200DA1951 /* Resources */,
				B1355BE1E39566931A17C36E /* [CP] Embed Pods Frameworks */,
			);
			buildRules = (
			);
			dependencies = (
			);
			name = TodoSecond;
			productName = TodoSecond;
			productReference = BB7B8D852688AF7200DA1951 /* TodoSecond.app */;
			productType = "com.apple.product-type.application";
		};
/* End PBXNativeTarget section */

/* Begin PBXProject section */
		BB7B8D7D2688AF7200DA1951 /* Project object */ = {
			isa = PBXProject;
			attributes = {
				LastSwiftUpdateCheck = 1250;
				LastUpgradeCheck = 1250;
				TargetAttributes = {
					BB7B8D842688AF7200DA1951 = {
						CreatedOnToolsVersion = 12.5.1;
					};
				};
			};
			buildConfigurationList = BB7B8D802688AF7200DA1951 /* Build configuration list for PBXProject "TodoSecond" */;
			compatibilityVersion = "Xcode 9.3";
			developmentRegion = en;
			hasScannedForEncodings = 0;
			knownRegions = (
				en,
				Base,
			);
			mainGroup = BB7B8D7C2688AF7200DA1951;
			productRefGroup = BB7B8D862688AF7200DA1951 /* Products */;
			projectDirPath = "";
			projectRoot = "";
			targets = (
				BB7B8D842688AF7200DA1951 /* TodoSecond */,
			);
		};
/* End PBXProject section */

/* Begin PBXResourcesBuildPhase section */
		BB7B8D832688AF7200DA1951 /* Resources */ = {
			isa = PBXResourcesBuildPhase;
			buildActionMask = 2147483647;
			files = (
				BB7B8D952688AF7400DA1951 /* LaunchScreen.storyboard in Resources */,
				BB7B8D922688AF7400DA1951 /* Assets.xcassets in Resources */,
				EFA59C48268B6BB900093963 /* misc in Resources */,
			);
			runOnlyForDeploymentPostprocessing = 0;
		};
/* End PBXResourcesBuildPhase section */

/* Begin PBXShellScriptBuildPhase section */
		1045A20213033C1B774EF606 /* [CP] Check Pods Manifest.lock */ = {
			isa = PBXShellScriptBuildPhase;
			buildActionMask = 2147483647;
			files = (
			);
			inputFileListPaths = (
			);
			inputPaths = (
				"${PODS_PODFILE_DIR_PATH}/Podfile.lock",
				"${PODS_ROOT}/Manifest.lock",
			);
			name = "[CP] Check Pods Manifest.lock";
			outputFileListPaths = (
			);
			outputPaths = (
				"$(DERIVED_FILE_DIR)/Pods-TodoSecond-checkManifestLockResult.txt",
			);
			runOnlyForDeploymentPostprocessing = 0;
			shellPath = /bin/sh;
			shellScript = "diff \"${PODS_PODFILE_DIR_PATH}/Podfile.lock\" \"${PODS_ROOT}/Manifest.lock\" > /dev/null\nif [ $? != 0 ] ; then\n    # print error to STDERR\n    echo \"error: The sandbox is not in sync with the Podfile.lock. Run 'pod install' or update your CocoaPods installation.\" >&2\n    exit 1\nfi\n# This output is used by Xcode 'outputs' to avoid re-running this script phase.\necho \"SUCCESS\" > \"${SCRIPT_OUTPUT_FILE_0}\"\n";
			showEnvVarsInLog = 0;
		};
		B1355BE1E39566931A17C36E /* [CP] Embed Pods Frameworks */ = {
			isa = PBXShellScriptBuildPhase;
			buildActionMask = 2147483647;
			files = (
			);
			inputFileListPaths = (
				"${PODS_ROOT}/Target Support Files/Pods-TodoSecond/Pods-TodoSecond-frameworks-${CONFIGURATION}-input-files.xcfilelist",
			);
			name = "[CP] Embed Pods Frameworks";
			outputFileListPaths = (
				"${PODS_ROOT}/Target Support Files/Pods-TodoSecond/Pods-TodoSecond-frameworks-${CONFIGURATION}-output-files.xcfilelist",
			);
			runOnlyForDeploymentPostprocessing = 0;
			shellPath = /bin/sh;
			shellScript = "\"${PODS_ROOT}/Target Support Files/Pods-TodoSecond/Pods-TodoSecond-frameworks.sh\"\n";
			showEnvVarsInLog = 0;
		};
/* End PBXShellScriptBuildPhase section */

/* Begin PBXSourcesBuildPhase section */
		BB7B8D812688AF7200DA1951 /* Sources */ = {
			isa = PBXSourcesBuildPhase;
			buildActionMask = 2147483647;
			files = (
				BB7B8D9D2688B21400DA1951 /* Task.swift in Sources */,
				BB7B8D8D2688AF7200DA1951 /* ViewController.swift in Sources */,
				BB7B8D892688AF7200DA1951 /* AppDelegate.swift in Sources */,
				BB7B8D8B2688AF7200DA1951 /* SceneDelegate.swift in Sources */,
				EFD5345D268F6DD200B080C1 /* TasksDB.swift in Sources */,
				BB7B8DA12688FC8100DA1951 /* EditTaskController.swift in Sources */,
				BB7B8D9F2688B33C00DA1951 /* TaskCell.swift in Sources */,
				EFA59C4C268CE05E00093963 /* TaskCreationProtocol.swift in Sources */,
			);
			runOnlyForDeploymentPostprocessing = 0;
		};
/* End PBXSourcesBuildPhase section */

/* Begin PBXVariantGroup section */
		BB7B8D932688AF7400DA1951 /* LaunchScreen.storyboard */ = {
			isa = PBXVariantGroup;
			children = (
				BB7B8D942688AF7400DA1951 /* Base */,
			);
			name = LaunchScreen.storyboard;
			sourceTree = "<group>";
		};
/* End PBXVariantGroup section */

/* Begin XCBuildConfiguration section */
		BB7B8D972688AF7400DA1951 /* Debug */ = {
			isa = XCBuildConfiguration;
			buildSettings = {
				ALWAYS_SEARCH_USER_PATHS = NO;
				CLANG_ANALYZER_NONNULL = YES;
				CLANG_ANALYZER_NUMBER_OBJECT_CONVERSION = YES_AGGRESSIVE;
				CLANG_CXX_LANGUAGE_STANDARD = "gnu++14";
				CLANG_CXX_LIBRARY = "libc++";
				CLANG_ENABLE_MODULES = YES;
				CLANG_ENABLE_OBJC_ARC = YES;
				CLANG_ENABLE_OBJC_WEAK = YES;
				CLANG_WARN_BLOCK_CAPTURE_AUTORELEASING = YES;
				CLANG_WARN_BOOL_CONVERSION = YES;
				CLANG_WARN_COMMA = YES;
				CLANG_WARN_CONSTANT_CONVERSION = YES;
				CLANG_WARN_DEPRECATED_OBJC_IMPLEMENTATIONS = YES;
				CLANG_WARN_DIRECT_OBJC_ISA_USAGE = YES_ERROR;
				CLANG_WARN_DOCUMENTATION_COMMENTS = YES;
				CLANG_WARN_EMPTY_BODY = YES;
				CLANG_WARN_ENUM_CONVERSION = YES;
				CLANG_WARN_INFINITE_RECURSION = YES;
				CLANG_WARN_INT_CONVERSION = YES;
				CLANG_WARN_NON_LITERAL_NULL_CONVERSION = YES;
				CLANG_WARN_OBJC_IMPLICIT_RETAIN_SELF = YES;
				CLANG_WARN_OBJC_LITERAL_CONVERSION = YES;
				CLANG_WARN_OBJC_ROOT_CLASS = YES_ERROR;
				CLANG_WARN_QUOTED_INCLUDE_IN_FRAMEWORK_HEADER = YES;
				CLANG_WARN_RANGE_LOOP_ANALYSIS = YES;
				CLANG_WARN_STRICT_PROTOTYPES = YES;
				CLANG_WARN_SUSPICIOUS_MOVE = YES;
				CLANG_WARN_UNGUARDED_AVAILABILITY = YES_AGGRESSIVE;
				CLANG_WARN_UNREACHABLE_CODE = YES;
				CLANG_WARN__DUPLICATE_METHOD_MATCH = YES;
				COPY_PHASE_STRIP = NO;
				DEBUG_INFORMATION_FORMAT = dwarf;
				ENABLE_STRICT_OBJC_MSGSEND = YES;
				ENABLE_TESTABILITY = YES;
				GCC_C_LANGUAGE_STANDARD = gnu11;
				GCC_DYNAMIC_NO_PIC = NO;
				GCC_NO_COMMON_BLOCKS = YES;
				GCC_OPTIMIZATION_LEVEL = 0;
				GCC_PREPROCESSOR_DEFINITIONS = (
					"DEBUG=1",
					"$(inherited)",
				);
				GCC_WARN_64_TO_32_BIT_CONVERSION = YES;
				GCC_WARN_ABOUT_RETURN_TYPE = YES_ERROR;
				GCC_WARN_UNDECLARED_SELECTOR = YES;
				GCC_WARN_UNINITIALIZED_AUTOS = YES_AGGRESSIVE;
				GCC_WARN_UNUSED_FUNCTION = YES;
				GCC_WARN_UNUSED_VARIABLE = YES;
				IPHONEOS_DEPLOYMENT_TARGET = 14.5;
				MTL_ENABLE_DEBUG_INFO = INCLUDE_SOURCE;
				MTL_FAST_MATH = YES;
				ONLY_ACTIVE_ARCH = YES;
				SDKROOT = iphoneos;
				SWIFT_ACTIVE_COMPILATION_CONDITIONS = DEBUG;
				SWIFT_OPTIMIZATION_LEVEL = "-Onone";
			};
			name = Debug;
		};
		BB7B8D982688AF7400DA1951 /* Release */ = {
			isa = XCBuildConfiguration;
			buildSettings = {
				ALWAYS_SEARCH_USER_PATHS = NO;
				CLANG_ANALYZER_NONNULL = YES;
				CLANG_ANALYZER_NUMBER_OBJECT_CONVERSION = YES_AGGRESSIVE;
				CLANG_CXX_LANGUAGE_STANDARD = "gnu++14";
				CLANG_CXX_LIBRARY = "libc++";
				CLANG_ENABLE_MODULES = YES;
				CLANG_ENABLE_OBJC_ARC = YES;
				CLANG_ENABLE_OBJC_WEAK = YES;
				CLANG_WARN_BLOCK_CAPTURE_AUTORELEASING = YES;
				CLANG_WARN_BOOL_CONVERSION = YES;
				CLANG_WARN_COMMA = YES;
				CLANG_WARN_CONSTANT_CONVERSION = YES;
				CLANG_WARN_DEPRECATED_OBJC_IMPLEMENTATIONS = YES;
				CLANG_WARN_DIRECT_OBJC_ISA_USAGE = YES_ERROR;
				CLANG_WARN_DOCUMENTATION_COMMENTS = YES;
				CLANG_WARN_EMPTY_BODY = YES;
				CLANG_WARN_ENUM_CONVERSION = YES;
				CLANG_WARN_INFINITE_RECURSION = YES;
				CLANG_WARN_INT_CONVERSION = YES;
				CLANG_WARN_NON_LITERAL_NULL_CONVERSION = YES;
				CLANG_WARN_OBJC_IMPLICIT_RETAIN_SELF = YES;
				CLANG_WARN_OBJC_LITERAL_CONVERSION = YES;
				CLANG_WARN_OBJC_ROOT_CLASS = YES_ERROR;
				CLANG_WARN_QUOTED_INCLUDE_IN_FRAMEWORK_HEADER = YES;
				CLANG_WARN_RANGE_LOOP_ANALYSIS = YES;
				CLANG_WARN_STRICT_PROTOTYPES = YES;
				CLANG_WARN_SUSPICIOUS_MOVE = YES;
				CLANG_WARN_UNGUARDED_AVAILABILITY = YES_AGGRESSIVE;
				CLANG_WARN_UNREACHABLE_CODE = YES;
				CLANG_WARN__DUPLICATE_METHOD_MATCH = YES;
				COPY_PHASE_STRIP = NO;
				DEBUG_INFORMATION_FORMAT = "dwarf-with-dsym";
				ENABLE_NS_ASSERTIONS = NO;
				ENABLE_STRICT_OBJC_MSGSEND = YES;
				GCC_C_LANGUAGE_STANDARD = gnu11;
				GCC_NO_COMMON_BLOCKS = YES;
				GCC_WARN_64_TO_32_BIT_CONVERSION = YES;
				GCC_WARN_ABOUT_RETURN_TYPE = YES_ERROR;
				GCC_WARN_UNDECLARED_SELECTOR = YES;
				GCC_WARN_UNINITIALIZED_AUTOS = YES_AGGRESSIVE;
				GCC_WARN_UNUSED_FUNCTION = YES;
				GCC_WARN_UNUSED_VARIABLE = YES;
				IPHONEOS_DEPLOYMENT_TARGET = 14.5;
				MTL_ENABLE_DEBUG_INFO = NO;
				MTL_FAST_MATH = YES;
				SDKROOT = iphoneos;
				SWIFT_COMPILATION_MODE = wholemodule;
				SWIFT_OPTIMIZATION_LEVEL = "-O";
				VALIDATE_PRODUCT = YES;
			};
			name = Release;
		};
		BB7B8D9A2688AF7400DA1951 /* Debug */ = {
			isa = XCBuildConfiguration;
			baseConfigurationReference = 4ED39349960C7432263AD7C1 /* Pods-TodoSecond.debug.xcconfig */;
			buildSettings = {
				ASSETCATALOG_COMPILER_APPICON_NAME = AppIcon;
				ASSETCATALOG_COMPILER_GLOBAL_ACCENT_COLOR_NAME = AccentColor;
				CODE_SIGN_STYLE = Automatic;
				DEVELOPMENT_TEAM = HDAGZGQ2SM;
				INFOPLIST_FILE = TodoSecond/Info.plist;
				LD_RUNPATH_SEARCH_PATHS = (
					"$(inherited)",
					"@executable_path/Frameworks",
				);
				PRODUCT_BUNDLE_IDENTIFIER = GladkovMD.TodoSecond;
				PRODUCT_NAME = "$(TARGET_NAME)";
				SWIFT_VERSION = 5.0;
				TARGETED_DEVICE_FAMILY = "1,2";
			};
			name = Debug;
		};
		BB7B8D9B2688AF7400DA1951 /* Release */ = {
			isa = XCBuildConfiguration;
			baseConfigurationReference = 32EC621AD0B9C9760E5D27C1 /* Pods-TodoSecond.release.xcconfig */;
			buildSettings = {
				ASSETCATALOG_COMPILER_APPICON_NAME = AppIcon;
				ASSETCATALOG_COMPILER_GLOBAL_ACCENT_COLOR_NAME = AccentColor;
				CODE_SIGN_STYLE = Automatic;
				DEVELOPMENT_TEAM = HDAGZGQ2SM;
				INFOPLIST_FILE = TodoSecond/Info.plist;
				LD_RUNPATH_SEARCH_PATHS = (
					"$(inherited)",
					"@executable_path/Frameworks",
				);
				PRODUCT_BUNDLE_IDENTIFIER = GladkovMD.TodoSecond;
				PRODUCT_NAME = "$(TARGET_NAME)";
				SWIFT_VERSION = 5.0;
				TARGETED_DEVICE_FAMILY = "1,2";
			};
			name = Release;
		};
/* End XCBuildConfiguration section */

/* Begin XCConfigurationList section */
		BB7B8D802688AF7200DA1951 /* Build configuration list for PBXProject "TodoSecond" */ = {
			isa = XCConfigurationList;
			buildConfigurations = (
				BB7B8D972688AF7400DA1951 /* Debug */,
				BB7B8D982688AF7400DA1951 /* Release */,
			);
			defaultConfigurationIsVisible = 0;
			defaultConfigurationName = Release;
		};
		BB7B8D992688AF7400DA1951 /* Build configuration list for PBXNativeTarget "TodoSecond" */ = {
			isa = XCConfigurationList;
			buildConfigurations = (
				BB7B8D9A2688AF7400DA1951 /* Debug */,
				BB7B8D9B2688AF7400DA1951 /* Release */,
			);
			defaultConfigurationIsVisible = 0;
			defaultConfigurationName = Release;
		};
/* End XCConfigurationList section */
	};
	rootObject = BB7B8D7D2688AF7200DA1951 /* Project object */;
}
